
Microsoft Visual Studio Solution File, Format Version 12.00
# Visual Studio Version 16
VisualStudioVersion = 16.0.35325.158
MinimumVisualStudioVersion = 10.0.40219.1
Project("{FAE04EC0-301F-11D3-BF4B-00C04F79EFBC}") = "ConsoleApp1", "ConsoleApp1\ConsoleApp1.csproj", "{3917B4F5-6824-4B02-993A-D15AF740EEA8}"
EndProject
Global
	GlobalSection(SolutionConfigurationPlatforms) = preSolution
		Debug|Any CPU = Debug|Any CPU
		Release|Any CPU = Release|Any CPU
	EndGlobalSection
	GlobalSection(ProjectConfigurationPlatforms) = postSolution
		{3917B4F5-6824-4B02-993A-D15AF740EEA8}.Debug|Any CPU.ActiveCfg = Debug|Any CPU
		{3917B4F5-6824-4B02-993A-D15AF740EEA8}.Debug|Any CPU.Build.0 = Debug|Any CPU
		{3917B4F5-6824-4B02-993A-D15AF740EEA8}.Release|Any CPU.ActiveCfg = Release|Any CPU
		{3917B4F5-6824-4B02-993A-D15AF740EEA8}.Release|Any CPU.Build.0 = Release|Any CPU
	EndGlobalSection
	GlobalSection(SolutionProperties) = preSolution
		HideSolutionNode = FALSE
	EndGlobalSection
	GlobalSection(ExtensibilityGlobals) = postSolution
		SolutionGuid = {32018E46-3CE0-4F65-82D3-42014EB15493}
	EndGlobalSection
EndGlobal
